
Microsoft Visual Studio Solution File, Format Version 12.00
# Visual Studio Version 16
VisualStudioVersion = 16.0.31019.194
MinimumVisualStudioVersion = 10.0.40219.1
Project("{9A19103F-16F7-4668-BE54-9A1E7A4F7556}") = "AdamSmith", "AdamSmith.csproj", "{809E86B4-920E-481E-ACCA-A02EC8C1533A}"
EndProject
Project("{2150E333-8FDC-42A3-9474-1A3956D46DE8}") = "Solution Items", "Solution Items", "{631C257E-ECFC-4443-B8AC-BF7FDDC9B477}"
	ProjectSection(SolutionItems) = preProject
		..\.github\workflows\main.yml = ..\.github\workflows\main.yml
	EndProjectSection
EndProject
Global
	GlobalSection(SolutionConfigurationPlatforms) = preSolution
		Debug|Any CPU = Debug|Any CPU
		Release|Any CPU = Release|Any CPU
	EndGlobalSection
	GlobalSection(ProjectConfigurationPlatforms) = postSolution
		{809E86B4-920E-481E-ACCA-A02EC8C1533A}.Debug|Any CPU.ActiveCfg = Debug|Any CPU
		{809E86B4-920E-481E-ACCA-A02EC8C1533A}.Debug|Any CPU.Build.0 = Debug|Any CPU
		{809E86B4-920E-481E-ACCA-A02EC8C1533A}.Release|Any CPU.ActiveCfg = Release|Any CPU
		{809E86B4-920E-481E-ACCA-A02EC8C1533A}.Release|Any CPU.Build.0 = Release|Any CPU
	EndGlobalSection
	GlobalSection(SolutionProperties) = preSolution
		HideSolutionNode = FALSE
	EndGlobalSection
	GlobalSection(ExtensibilityGlobals) = postSolution
		SolutionGuid = {F499EF6D-0238-496D-B150-752C0103717D}
	EndGlobalSection
EndGlobal
